# THIS IS AN AUTOGENERATED FILE. DO NOT EDIT THIS FILE DIRECTLY.
# yarn lockfile v1


lodash.concat@^4.5.0:
  version "4.5.0"
  resolved "https://registry.yarnpkg.com/lodash.concat/-/lodash.concat-4.5.0.tgz#b053ae02e4a8008582e7256b9d02bda6d0380395"

lodash.max@^4.0.1:
  version "4.0.1"
  resolved "https://registry.yarnpkg.com/lodash.max/-/lodash.max-4.0.1.tgz#8735566c618b35a9f760520b487ae79658af136a"

lodash.min@^4.0.1:
  version "4.0.1"
  resolved "https://registry.yarnpkg.com/lodash.min/-/lodash.min-4.0.1.tgz#4ac1b9a8baf8b6d28a690d716512510cfc14708c"

lodash.pullat@^4.6.0:
  version "4.6.0"
  resolved "https://registry.yarnpkg.com/lodash.pullat/-/lodash.pullat-4.6.0.tgz#bdfacf0e209fd27f965e711fa65a774a84d30261"
